{
  "name": "@tgnd/inbound-adapters",
  "version": "1.0.0",
  "lockfileVersion": 3,
  "requires": true,
  "packages": {
    "": {
      "name": "@tgnd/inbound-adapters",
      "version": "1.0.0",
      "license": "UNLICENSED",
      "dependencies": {
        "@tgnd/canonical-model": "file:../canonical-model"
      }
    },
    "../canonical-model": {
      "name": "@tgnd/canonical-model",
      "version": "1.0.0",
      "license": "UNLICENSED"
    },
    "node_modules/@tgnd/canonical-model": {
      "resolved": "../canonical-model",
      "link": true
    }
  }
}
